// !$*UTF8*$!
{
	archiveVersion = 1;
	classes = {
	};
	objectVersion = 50;
	objects = {

/* Begin PBXBuildFile section */
		DADA2A56256157E000C9144B /* AppDelegate.swift in Sources */ = {isa = PBXBuildFile; fileRef = DADA2A55256157E000C9144B /* AppDelegate.swift */; };
		DADA2A58256157E000C9144B /* SceneDelegate.swift in Sources */ = {isa = PBXBuildFile; fileRef = DADA2A57256157E000C9144B /* SceneDelegate.swift */; };
		DADA2A5A256157E000C9144B /* ViewController.swift in Sources */ = {isa = PBXBuildFile; fileRef = DADA2A59256157E000C9144B /* ViewController.swift */; };
		DADA2A5D256157E000C9144B /* Main.storyboard in Resources */ = {isa = PBXBuildFile; fileRef = DADA2A5B256157E000C9144B /* Main.storyboard */; };
		DADA2A5F256157E400C9144B /* Assets.xcassets in Resources */ = {isa = PBXBuildFile; fileRef = DADA2A5E256157E400C9144B /* Assets.xcassets */; };
		DADA2A62256157E400C9144B /* LaunchScreen.storyboard in Resources */ = {isa = PBXBuildFile; fileRef = DADA2A60256157E400C9144B /* LaunchScreen.storyboard */; };
		DADA2A6C2562C40400C9144B /* NewView.xib in Resources */ = {isa = PBXBuildFile; fileRef = DADA2A6B2562C40400C9144B /* NewView.xib */; };
/* End PBXBuildFile section */

/* Begin PBXFileReference section */
		DADA2A52256157E000C9144B /* DZ_2_1.app */ = {isa = PBXFileReference; explicitFileType = wrapper.application; includeInIndex = 0; path = DZ_2_1.app; sourceTree = BUILT_PRODUCTS_DIR; };
		DADA2A55256157E000C9144B /* AppDelegate.swift */ = {isa = PBXFileReference; lastKnownFileType = sourcecode.swift; path = AppDelegate.swift; sourceTree = "<group>"; };
		DADA2A57256157E000C9144B /* SceneDelegate.swift */ = {isa = PBXFileReference; lastKnownFileType = sourcecode.swift; path = SceneDelegate.swift; sourceTree = "<group>"; };
		DADA2A59256157E000C9144B /* ViewController.swift */ = {isa = PBXFileReference; lastKnownFileType = sourcecode.swift; path = ViewController.swift; sourceTree = "<group>"; };
		DADA2A5C256157E000C9144B /* Base */ = {isa = PBXFileReference; lastKnownFileType = file.storyboard; name = Base; path = Base.lproj/Main.storyboard; sourceTree = "<group>"; };
		DADA2A5E256157E400C9144B /* Assets.xcassets */ = {isa = PBXFileReference; lastKnownFileType = folder.assetcatalog; path = Assets.xcassets; sourceTree = "<group>"; };
		DADA2A61256157E400C9144B /* Base */ = {isa = PBXFileReference; lastKnownFileType = file.storyboard; name = Base; path = Base.lproj/LaunchScreen.storyboard; sourceTree = "<group>"; };
		DADA2A63256157E400C9144B /* Info.plist */ = {isa = PBXFileReference; lastKnownFileType = text.plist.xml; path = Info.plist; sourceTree = "<group>"; };
		DADA2A6B2562C40400C9144B /* NewView.xib */ = {isa = PBXFileReference; lastKnownFileType = file.xib; path = NewView.xib; sourceTree = "<group>"; };
/* End PBXFileReference section */

/* Begin PBXFrameworksBuildPhase section */
		DADA2A4F256157E000C9144B /* Frameworks */ = {
			isa = PBXFrameworksBuildPhase;
			buildActionMask = 2147483647;
			files = (
			);
			runOnlyForDeploymentPostprocessing = 0;
		};
/* End PBXFrameworksBuildPhase section */

/* Begin PBXGroup section */
		DADA2A49256157E000C9144B = {
			isa = PBXGroup;
			children = (
				DADA2A54256157E000C9144B /* DZ_2_1 */,
				DADA2A53256157E000C9144B /* Products */,
			);
			sourceTree = "<group>";
		};
		DADA2A53256157E000C9144B /* Products */ = {
			isa = PBXGroup;
			children = (
				DADA2A52256157E000C9144B /* DZ_2_1.app */,
			);
			name = Products;
			sourceTree = "<group>";
		};
		DADA2A54256157E000C9144B /* DZ_2_1 */ = {
			isa = PBXGroup;
			children = (
				DADA2A55256157E000C9144B /* AppDelegate.swift */,
				DADA2A57256157E000C9144B /* SceneDelegate.swift */,
				DADA2A59256157E000C9144B /* ViewController.swift */,
				DADA2A5B256157E000C9144B /* Main.storyboard */,
				DADA2A5E256157E400C9144B /* Assets.xcassets */,
				DADA2A60256157E400C9144B /* LaunchScreen.storyboard */,
				DADA2A6B2562C40400C9144B /* NewView.xib */,
				DADA2A63256157E400C9144B /* Info.plist */,
			);
			path = DZ_2_1;
			sourceTree = "<group>";
		};
/* End PBXGroup section */

/* Begin PBXNativeTarget section */
		DADA2A51256157E000C9144B /* DZ_2_1 */ = {
			isa = PBXNativeTarget;
			buildConfigurationList = DADA2A66256157E400C9144B /* Build configuration list for PBXNativeTarget "DZ_2_1" */;
			buildPhases = (
				DADA2A4E256157E000C9144B /* Sources */,
				DADA2A4F256157E000C9144B /* Frameworks */,
				DADA2A50256157E000C9144B /* Resources */,
			);
			buildRules = (
			);
			dependencies = (
			);
			name = DZ_2_1;
			productName = DZ_2_1;
			productReference = DADA2A52256157E000C9144B /* DZ_2_1.app */;
			productType = "com.apple.product-type.application";
		};
/* End PBXNativeTarget section */

/* Begin PBXProject section */
		DADA2A4A256157E000C9144B /* Project object */ = {
			isa = PBXProject;
			attributes = {
				LastSwiftUpdateCheck = 1220;
				LastUpgradeCheck = 1220;
				TargetAttributes = {
					DADA2A51256157E000C9144B = {
						CreatedOnToolsVersion = 12.2;
					};
				};
			};
			buildConfigurationList = DADA2A4D256157E000C9144B /* Build configuration list for PBXProject "DZ_2_1" */;
			compatibilityVersion = "Xcode 9.3";
			developmentRegion = en;
			hasScannedForEncodings = 0;
			knownRegions = (
				en,
				Base,
			);
			mainGroup = DADA2A49256157E000C9144B;
			productRefGroup = DADA2A53256157E000C9144B /* Products */;
			projectDirPath = "";
			projectRoot = "";
			targets = (
				DADA2A51256157E000C9144B /* DZ_2_1 */,
			);
		};
/* End PBXProject section */

/* Begin PBXResourcesBuildPhase section */
		DADA2A50256157E000C9144B /* Resources */ = {
			isa = PBXResourcesBuildPhase;
			buildActionMask = 2147483647;
			files = (
				DADA2A62256157E400C9144B /* LaunchScreen.storyboard in Resources */,
				DADA2A6C2562C40400C9144B /* NewView.xib in Resources */,
				DADA2A5F256157E400C9144B /* Assets.xcassets in Resources */,
				DADA2A5D256157E000C9144B /* Main.storyboard in Resources */,
			);
			runOnlyForDeploymentPostprocessing = 0;
		};
/* End PBXResourcesBuildPhase section */

/* Begin PBXSourcesBuildPhase section */
		DADA2A4E256157E000C9144B /* Sources */ = {
			isa = PBXSourcesBuildPhase;
			buildActionMask = 2147483647;
			files = (
				DADA2A5A256157E000C9144B /* ViewController.swift in Sources */,
				DADA2A56256157E000C9144B /* AppDelegate.swift in Sources */,
				DADA2A58256157E000C9144B /* SceneDelegate.swift in Sources */,
			);
			runOnlyForDeploymentPostprocessing = 0;
		};
/* End PBXSourcesBuildPhase section */

/* Begin PBXVariantGroup section */
		DADA2A5B256157E000C9144B /* Main.storyboard */ = {
			isa = PBXVariantGroup;
			children = (
				DADA2A5C256157E000C9144B /* Base */,
			);
			name = Main.storyboard;
			sourceTree = "<group>";
		};
		DADA2A60256157E400C9144B /* LaunchScreen.storyboard */ = {
			isa = PBXVariantGroup;
			children = (
				DADA2A61256157E400C9144B /* Base */,
			);
			name = LaunchScreen.storyboard;
			sourceTree = "<group>";
		};
/* End PBXVariantGroup section */

/* Begin XCBuildConfiguration section */
		DADA2A64256157E400C9144B /* Debug */ = {
			isa = XCBuildConfiguration;
			buildSettings = {
				ALWAYS_SEARCH_USER_PATHS = NO;
				CLANG_ANALYZER_NONNULL = YES;
				CLANG_ANALYZER_NUMBER_OBJECT_CONVERSION = YES_AGGRESSIVE;
				CLANG_CXX_LANGUAGE_STANDARD = "gnu++14";
				CLANG_CXX_LIBRARY = "libc++";
				CLANG_ENABLE_MODULES = YES;
				CLANG_ENABLE_OBJC_ARC = YES;
				CLANG_ENABLE_OBJC_WEAK = YES;
				CLANG_WARN_BLOCK_CAPTURE_AUTORELEASING = YES;
				CLANG_WARN_BOOL_CONVERSION = YES;
				CLANG_WARN_COMMA = YES;
				CLANG_WARN_CONSTANT_CONVERSION = YES;
				CLANG_WARN_DEPRECATED_OBJC_IMPLEMENTATIONS = YES;
				CLANG_WARN_DIRECT_OBJC_ISA_USAGE = YES_ERROR;
				CLANG_WARN_DOCUMENTATION_COMMENTS = YES;
				CLANG_WARN_EMPTY_BODY = YES;
				CLANG_WARN_ENUM_CONVERSION = YES;
				CLANG_WARN_INFINITE_RECURSION = YES;
				CLANG_WARN_INT_CONVERSION = YES;
				CLANG_WARN_NON_LITERAL_NULL_CONVERSION = YES;
				CLANG_WARN_OBJC_IMPLICIT_RETAIN_SELF = YES;
				CLANG_WARN_OBJC_LITERAL_CONVERSION = YES;
				CLANG_WARN_OBJC_ROOT_CLASS = YES_ERROR;
				CLANG_WARN_QUOTED_INCLUDE_IN_FRAMEWORK_HEADER = YES;
				CLANG_WARN_RANGE_LOOP_ANALYSIS = YES;
				CLANG_WARN_STRICT_PROTOTYPES = YES;
				CLANG_WARN_SUSPICIOUS_MOVE = YES;
				CLANG_WARN_UNGUARDED_AVAILABILITY = YES_AGGRESSIVE;
				CLANG_WARN_UNREACHABLE_CODE = YES;
				CLANG_WARN__DUPLICATE_METHOD_MATCH = YES;
				COPY_PHASE_STRIP = NO;
				DEBUG_INFORMATION_FORMAT = dwarf;
				ENABLE_STRICT_OBJC_MSGSEND = YES;
				ENABLE_TESTABILITY = YES;
				GCC_C_LANGUAGE_STANDARD = gnu11;
				GCC_DYNAMIC_NO_PIC = NO;
				GCC_NO_COMMON_BLOCKS = YES;
				GCC_OPTIMIZATION_LEVEL = 0;
				GCC_PREPROCESSOR_DEFINITIONS = (
					"DEBUG=1",
					"$(inherited)",
				);
				GCC_WARN_64_TO_32_BIT_CONVERSION = YES;
				GCC_WARN_ABOUT_RETURN_TYPE = YES_ERROR;
				GCC_WARN_UNDECLARED_SELECTOR = YES;
				GCC_WARN_UNINITIALIZED_AUTOS = YES_AGGRESSIVE;
				GCC_WARN_UNUSED_FUNCTION = YES;
				GCC_WARN_UNUSED_VARIABLE = YES;
				IPHONEOS_DEPLOYMENT_TARGET = 14.2;
				MTL_ENABLE_DEBUG_INFO = INCLUDE_SOURCE;
				MTL_FAST_MATH = YES;
				ONLY_ACTIVE_ARCH = YES;
				SDKROOT = iphoneos;
				SWIFT_ACTIVE_COMPILATION_CONDITIONS = DEBUG;
				SWIFT_OPTIMIZATION_LEVEL = "-Onone";
			};
			name = Debug;
		};
		DADA2A65256157E400C9144B /* Release */ = {
			isa = XCBuildConfiguration;
			buildSettings = {
				ALWAYS_SEARCH_USER_PATHS = NO;
				CLANG_ANALYZER_NONNULL = YES;
				CLANG_ANALYZER_NUMBER_OBJECT_CONVERSION = YES_AGGRESSIVE;
				CLANG_CXX_LANGUAGE_STANDARD = "gnu++14";
				CLANG_CXX_LIBRARY = "libc++";
				CLANG_ENABLE_MODULES = YES;
				CLANG_ENABLE_OBJC_ARC = YES;
				CLANG_ENABLE_OBJC_WEAK = YES;
				CLANG_WARN_BLOCK_CAPTURE_AUTORELEASING = YES;
				CLANG_WARN_BOOL_CONVERSION = YES;
				CLANG_WARN_COMMA = YES;
				CLANG_WARN_CONSTANT_CONVERSION = YES;
				CLANG_WARN_DEPRECATED_OBJC_IMPLEMENTATIONS = YES;
				CLANG_WARN_DIRECT_OBJC_ISA_USAGE = YES_ERROR;
				CLANG_WARN_DOCUMENTATION_COMMENTS = YES;
				CLANG_WARN_EMPTY_BODY = YES;
				CLANG_WARN_ENUM_CONVERSION = YES;
				CLANG_WARN_INFINITE_RECURSION = YES;
				CLANG_WARN_INT_CONVERSION = YES;
				CLANG_WARN_NON_LITERAL_NULL_CONVERSION = YES;
				CLANG_WARN_OBJC_IMPLICIT_RETAIN_SELF = YES;
				CLANG_WARN_OBJC_LITERAL_CONVERSION = YES;
				CLANG_WARN_OBJC_ROOT_CLASS = YES_ERROR;
				CLANG_WARN_QUOTED_INCLUDE_IN_FRAMEWORK_HEADER = YES;
				CLANG_WARN_RANGE_LOOP_ANALYSIS = YES;
				CLANG_WARN_STRICT_PROTOTYPES = YES;
				CLANG_WARN_SUSPICIOUS_MOVE = YES;
				CLANG_WARN_UNGUARDED_AVAILABILITY = YES_AGGRESSIVE;
				CLANG_WARN_UNREACHABLE_CODE = YES;
				CLANG_WARN__DUPLICATE_METHOD_MATCH = YES;
				COPY_PHASE_STRIP = NO;
				DEBUG_INFORMATION_FORMAT = "dwarf-with-dsym";
				ENABLE_NS_ASSERTIONS = NO;
				ENABLE_STRICT_OBJC_MSGSEND = YES;
				GCC_C_LANGUAGE_STANDARD = gnu11;
				GCC_NO_COMMON_BLOCKS = YES;
				GCC_WARN_64_TO_32_BIT_CONVERSION = YES;
				GCC_WARN_ABOUT_RETURN_TYPE = YES_ERROR;
				GCC_WARN_UNDECLARED_SELECTOR = YES;
				GCC_WARN_UNINITIALIZED_AUTOS = YES_AGGRESSIVE;
				GCC_WARN_UNUSED_FUNCTION = YES;
				GCC_WARN_UNUSED_VARIABLE = YES;
				IPHONEOS_DEPLOYMENT_TARGET = 14.2;
				MTL_ENABLE_DEBUG_INFO = NO;
				MTL_FAST_MATH = YES;
				SDKROOT = iphoneos;
				SWIFT_COMPILATION_MODE = wholemodule;
				SWIFT_OPTIMIZATION_LEVEL = "-O";
				VALIDATE_PRODUCT = YES;
			};
			name = Release;
		};
		DADA2A67256157E400C9144B /* Debug */ = {
			isa = XCBuildConfiguration;
			buildSettings = {
				ASSETCATALOG_COMPILER_APPICON_NAME = AppIcon;
				ASSETCATALOG_COMPILER_GLOBAL_ACCENT_COLOR_NAME = AccentColor;
				CODE_SIGN_STYLE = Automatic;
				DEVELOPMENT_TEAM = L6C8P4VS4R;
				INFOPLIST_FILE = DZ_2_1/Info.plist;
				LD_RUNPATH_SEARCH_PATHS = (
					"$(inherited)",
					"@executable_path/Frameworks",
				);
				PRODUCT_BUNDLE_IDENTIFIER = "Dz.DZ-2-1";
				PRODUCT_NAME = "$(TARGET_NAME)";
				SWIFT_VERSION = 5.0;
				TARGETED_DEVICE_FAMILY = "1,2";
			};
			name = Debug;
		};
		DADA2A68256157E400C9144B /* Release */ = {
			isa = XCBuildConfiguration;
			buildSettings = {
				ASSETCATALOG_COMPILER_APPICON_NAME = AppIcon;
				ASSETCATALOG_COMPILER_GLOBAL_ACCENT_COLOR_NAME = AccentColor;
				CODE_SIGN_STYLE = Automatic;
				DEVELOPMENT_TEAM = L6C8P4VS4R;
				INFOPLIST_FILE = DZ_2_1/Info.plist;
				LD_RUNPATH_SEARCH_PATHS = (
					"$(inherited)",
					"@executable_path/Frameworks",
				);
				PRODUCT_BUNDLE_IDENTIFIER = "Dz.DZ-2-1";
				PRODUCT_NAME = "$(TARGET_NAME)";
				SWIFT_VERSION = 5.0;
				TARGETED_DEVICE_FAMILY = "1,2";
			};
			name = Release;
		};
/* End XCBuildConfiguration section */

/* Begin XCConfigurationList section */
		DADA2A4D256157E000C9144B /* Build configuration list for PBXProject "DZ_2_1" */ = {
			isa = XCConfigurationList;
			buildConfigurations = (
				DADA2A64256157E400C9144B /* Debug */,
				DADA2A65256157E400C9144B /* Release */,
			);
			defaultConfigurationIsVisible = 0;
			defaultConfigurationName = Release;
		};
		DADA2A66256157E400C9144B /* Build configuration list for PBXNativeTarget "DZ_2_1" */ = {
			isa = XCConfigurationList;
			buildConfigurations = (
				DADA2A67256157E400C9144B /* Debug */,
				DADA2A68256157E400C9144B /* Release */,
			);
			defaultConfigurationIsVisible = 0;
			defaultConfigurationName = Release;
		};
/* End XCConfigurationList section */
	};
	rootObject = DADA2A4A256157E000C9144B /* Project object */;
}
